
Microsoft Visual Studio Solution File, Format Version 12.00
# Visual Studio 2012
Project("{FAE04EC0-301F-11D3-BF4B-00C04F79EFBC}") = "Menetrend_WebApp", "Menetrend_WebApp\Menetrend_WebApp.csproj", "{395963B3-44FD-4485-B442-666A0A5B222F}"
EndProject
Project("{FAE04EC0-301F-11D3-BF4B-00C04F79EFBC}") = "ClassLibrary1", "ClassLibrary1\ClassLibrary1.csproj", "{F015235E-4E36-42B6-A78C-72125E9C25C3}"
EndProject
Global
	GlobalSection(SolutionConfigurationPlatforms) = preSolution
		Debug|Any CPU = Debug|Any CPU
		Release|Any CPU = Release|Any CPU
	EndGlobalSection
	GlobalSection(ProjectConfigurationPlatforms) = postSolution
		{395963B3-44FD-4485-B442-666A0A5B222F}.Debug|Any CPU.ActiveCfg = Debug|Any CPU
		{395963B3-44FD-4485-B442-666A0A5B222F}.Debug|Any CPU.Build.0 = Debug|Any CPU
		{395963B3-44FD-4485-B442-666A0A5B222F}.Release|Any CPU.ActiveCfg = Release|Any CPU
		{395963B3-44FD-4485-B442-666A0A5B222F}.Release|Any CPU.Build.0 = Release|Any CPU
		{F015235E-4E36-42B6-A78C-72125E9C25C3}.Debug|Any CPU.ActiveCfg = Debug|Any CPU
		{F015235E-4E36-42B6-A78C-72125E9C25C3}.Debug|Any CPU.Build.0 = Debug|Any CPU
		{F015235E-4E36-42B6-A78C-72125E9C25C3}.Release|Any CPU.ActiveCfg = Release|Any CPU
		{F015235E-4E36-42B6-A78C-72125E9C25C3}.Release|Any CPU.Build.0 = Release|Any CPU
	EndGlobalSection
	GlobalSection(SolutionProperties) = preSolution
		HideSolutionNode = FALSE
	EndGlobalSection
EndGlobal
